
Microsoft Visual Studio Solution File, Format Version 12.00
# Visual Studio Version 16
VisualStudioVersion = 16.0.30330.147
MinimumVisualStudioVersion = 10.0.40219.1
Project("{FAE04EC0-301F-11D3-BF4B-00C04F79EFBC}") = "HtmlConverter-Kata", "HtmlConverter-Kata\HtmlConverter-Kata.csproj", "{C1D1C119-B0ED-4103-AF14-4706F590DF52}"
EndProject
Project("{FAE04EC0-301F-11D3-BF4B-00C04F79EFBC}") = "HtmlConverter-Kata.Tests", "HtmlConverter-Kata.Tests\HtmlConverter-Kata.Tests.csproj", "{124C59D8-A449-4124-9B39-8922CB259543}"
EndProject
Global
	GlobalSection(SolutionConfigurationPlatforms) = preSolution
		Debug|Any CPU = Debug|Any CPU
		Release|Any CPU = Release|Any CPU
	EndGlobalSection
	GlobalSection(ProjectConfigurationPlatforms) = postSolution
		{C1D1C119-B0ED-4103-AF14-4706F590DF52}.Debug|Any CPU.ActiveCfg = Debug|Any CPU
		{C1D1C119-B0ED-4103-AF14-4706F590DF52}.Debug|Any CPU.Build.0 = Debug|Any CPU
		{C1D1C119-B0ED-4103-AF14-4706F590DF52}.Release|Any CPU.ActiveCfg = Release|Any CPU
		{C1D1C119-B0ED-4103-AF14-4706F590DF52}.Release|Any CPU.Build.0 = Release|Any CPU
		{124C59D8-A449-4124-9B39-8922CB259543}.Debug|Any CPU.ActiveCfg = Debug|Any CPU
		{124C59D8-A449-4124-9B39-8922CB259543}.Debug|Any CPU.Build.0 = Debug|Any CPU
		{124C59D8-A449-4124-9B39-8922CB259543}.Release|Any CPU.ActiveCfg = Release|Any CPU
		{124C59D8-A449-4124-9B39-8922CB259543}.Release|Any CPU.Build.0 = Release|Any CPU
	EndGlobalSection
	GlobalSection(SolutionProperties) = preSolution
		HideSolutionNode = FALSE
	EndGlobalSection
	GlobalSection(ExtensibilityGlobals) = postSolution
		SolutionGuid = {EC43307C-DED1-4ED6-9A2E-1A9CEAC15C52}
	EndGlobalSection
EndGlobal
